
Microsoft Visual Studio Solution File, Format Version 12.00
# Visual Studio Version 17
VisualStudioVersion = 17.3.32901.215
MinimumVisualStudioVersion = 10.0.40219.1
Project("{9A19103F-16F7-4668-BE54-9A1E7A4F7556}") = "bytebank", "bytebank\bytebank.csproj", "{2D010C57-F3CA-44BF-B1DF-6AC886BDE207}"
EndProject
Project("{FAE04EC0-301F-11D3-BF4B-00C04F79EFBC}") = "supermercadomenorpreco", "supermercadomenorpreco\supermercadomenorpreco.csproj", "{40F0F7AF-74A9-4BFB-AA00-91AF8CF57D80}"
EndProject
Project("{FAE04EC0-301F-11D3-BF4B-00C04F79EFBC}") = "sistemamedico", "sistemamedico\sistemamedico.csproj", "{4E44D0B1-DB17-4B37-BB0C-5FD0A48498F0}"
EndProject
Global
	GlobalSection(SolutionConfigurationPlatforms) = preSolution
		Debug|Any CPU = Debug|Any CPU
		Release|Any CPU = Release|Any CPU
	EndGlobalSection
	GlobalSection(ProjectConfigurationPlatforms) = postSolution
		{2D010C57-F3CA-44BF-B1DF-6AC886BDE207}.Debug|Any CPU.ActiveCfg = Debug|Any CPU
		{2D010C57-F3CA-44BF-B1DF-6AC886BDE207}.Debug|Any CPU.Build.0 = Debug|Any CPU
		{2D010C57-F3CA-44BF-B1DF-6AC886BDE207}.Release|Any CPU.ActiveCfg = Release|Any CPU
		{2D010C57-F3CA-44BF-B1DF-6AC886BDE207}.Release|Any CPU.Build.0 = Release|Any CPU
		{40F0F7AF-74A9-4BFB-AA00-91AF8CF57D80}.Debug|Any CPU.ActiveCfg = Debug|Any CPU
		{40F0F7AF-74A9-4BFB-AA00-91AF8CF57D80}.Debug|Any CPU.Build.0 = Debug|Any CPU
		{40F0F7AF-74A9-4BFB-AA00-91AF8CF57D80}.Release|Any CPU.ActiveCfg = Release|Any CPU
		{40F0F7AF-74A9-4BFB-AA00-91AF8CF57D80}.Release|Any CPU.Build.0 = Release|Any CPU
		{4E44D0B1-DB17-4B37-BB0C-5FD0A48498F0}.Debug|Any CPU.ActiveCfg = Debug|Any CPU
		{4E44D0B1-DB17-4B37-BB0C-5FD0A48498F0}.Debug|Any CPU.Build.0 = Debug|Any CPU
		{4E44D0B1-DB17-4B37-BB0C-5FD0A48498F0}.Release|Any CPU.ActiveCfg = Release|Any CPU
		{4E44D0B1-DB17-4B37-BB0C-5FD0A48498F0}.Release|Any CPU.Build.0 = Release|Any CPU
	EndGlobalSection
	GlobalSection(SolutionProperties) = preSolution
		HideSolutionNode = FALSE
	EndGlobalSection
	GlobalSection(ExtensibilityGlobals) = postSolution
		SolutionGuid = {40BB4166-7A95-49A2-ACDE-93171A0FF3AF}
	EndGlobalSection
EndGlobal
